{
    "name": "lix",
    "version": "15.6.0-alpha.1",
    "lockfileVersion": 1,
    "requires": true,
    "dependencies": {
        "@zeit/ncc": {
            "version": "0.20.4",
            "resolved": "https://registry.npmjs.org/@zeit/ncc/-/ncc-0.20.4.tgz",
            "integrity": "sha512-fmq+F/QxPec+k/zvT7HiVpk7oiGFseS6brfT/AYqmCUp6QFRK7vZf2Ref46MImsg/g2W3g5X6SRvGRmOAvEfdA==",
            "dev": true
        },
        "buffer-crc32": {
            "version": "0.2.13",
            "resolved": "https://registry.npmjs.org/buffer-crc32/-/buffer-crc32-0.2.13.tgz",
            "integrity": "sha1-DTM+PwDqxQqhRUq9MO+MKl2ackI=",
            "dev": true
        },
        "chownr": {
            "version": "1.1.2",
            "resolved": "https://registry.npmjs.org/chownr/-/chownr-1.1.2.tgz",
            "integrity": "sha512-GkfeAQh+QNy3wquu9oIZr6SS5x7wGdSgNQvD10X3r+AZr1Oys22HW8kAmDMvNg2+Dm0TeGaEuO8gFwdBXxwO8A==",
            "dev": true
        },
        "fd-slicer": {
            "version": "1.1.0",
            "resolved": "https://registry.npmjs.org/fd-slicer/-/fd-slicer-1.1.0.tgz",
            "integrity": "sha1-JcfInLH5B3+IkbvmHY85Dq4lbx4=",
            "dev": true,
            "requires": {
                "pend": "~1.2.0"
            }
        },
        "fs-minipass": {
            "version": "1.2.6",
            "resolved": "https://registry.npmjs.org/fs-minipass/-/fs-minipass-1.2.6.tgz",
            "integrity": "sha512-crhvyXcMejjv3Z5d2Fa9sf5xLYVCF5O1c71QxbVnbLsmYMBEvDAftewesN/HhY03YRoA7zOMxjNGrF5svGaaeQ==",
            "dev": true,
            "requires": {
                "minipass": "^2.2.1"
            }
        },
        "graceful-fs": {
            "version": "4.1.15",
            "resolved": "https://registry.npmjs.org/graceful-fs/-/graceful-fs-4.1.15.tgz",
            "integrity": "sha512-6uHUhOPEBgQ24HM+r6b/QwWfZq+yiFcipKFrOFiBEnWdy5sdzYoi+pJeQaPI5qOLRFqWmAXUPQNsielzdLoecA==",
            "dev": true
        },
        "minimist": {
            "version": "0.0.8",
            "resolved": "https://registry.npmjs.org/minimist/-/minimist-0.0.8.tgz",
            "integrity": "sha1-hX/Kv8M5fSYluCKCYuhqp6ARsF0=",
            "dev": true
        },
        "minipass": {
            "version": "2.3.5",
            "resolved": "https://registry.npmjs.org/minipass/-/minipass-2.3.5.tgz",
            "integrity": "sha512-Gi1W4k059gyRbyVUZQ4mEqLm0YIUiGYfvxhF6SIlk3ui1WVxMTGfGdQ2SInh3PDrRTVvPKgULkpJtT4RH10+VA==",
            "dev": true,
            "requires": {
                "safe-buffer": "^5.1.2",
                "yallist": "^3.0.0"
            }
        },
        "minizlib": {
            "version": "1.2.1",
            "resolved": "https://registry.npmjs.org/minizlib/-/minizlib-1.2.1.tgz",
            "integrity": "sha512-7+4oTUOWKg7AuL3vloEWekXY2/D20cevzsrNT2kGWm+39J9hGTCBv8VI5Pm5lXZ/o3/mdR4f8rflAPhnQb8mPA==",
            "dev": true,
            "requires": {
                "minipass": "^2.2.1"
            }
        },
        "mkdirp": {
            "version": "0.5.1",
            "resolved": "https://registry.npmjs.org/mkdirp/-/mkdirp-0.5.1.tgz",
            "integrity": "sha1-MAV0OOrGz3+MR2fzhkjWaX11yQM=",
            "dev": true,
            "requires": {
                "minimist": "0.0.8"
            }
        },
        "pend": {
            "version": "1.2.0",
            "resolved": "https://registry.npmjs.org/pend/-/pend-1.2.0.tgz",
            "integrity": "sha1-elfrVQpng/kRUzH89GY9XI4AelA=",
            "dev": true
        },
        "safe-buffer": {
            "version": "5.2.0",
            "resolved": "https://registry.npmjs.org/safe-buffer/-/safe-buffer-5.2.0.tgz",
            "integrity": "sha512-fZEwUGbVl7kouZs1jCdMLdt95hdIv0ZeHg6L7qPeciMZhZ+/gdesW4wgTARkrFWEpspjEATAzUGPG8N2jJiwbg==",
            "dev": true
        },
        "tar": {
            "version": "4.4.8",
            "resolved": "https://registry.npmjs.org/tar/-/tar-4.4.8.tgz",
            "integrity": "sha512-LzHF64s5chPQQS0IYBn9IN5h3i98c12bo4NCO7e0sGM2llXQ3p2FGC5sdENN4cTW48O915Sh+x+EXx7XW96xYQ==",
            "dev": true,
            "requires": {
                "chownr": "^1.1.1",
                "fs-minipass": "^1.2.5",
                "minipass": "^2.3.4",
                "minizlib": "^1.1.1",
                "mkdirp": "^0.5.0",
                "safe-buffer": "^5.1.2",
                "yallist": "^3.0.2"
            }
        },
        "yallist": {
            "version": "3.0.3",
            "resolved": "https://registry.npmjs.org/yallist/-/yallist-3.0.3.tgz",
            "integrity": "sha512-S+Zk8DEWE6oKpV+vI3qWkaK+jSbIK86pCwe2IF/xwIpQ8jEuxpw9NyaGjmp9+BoJv5FV2piqCDcoCtStppiq2A==",
            "dev": true
        },
        "yauzl": {
            "version": "github:lix-pm/yauzl#94fdf00d3918db46f4d2d0c4b0c1ab50f262dcdc",
            "from": "github:lix-pm/yauzl",
            "dev": true,
            "requires": {
                "buffer-crc32": "~0.2.3",
                "fd-slicer": "~1.1.0"
            }
        }
    }
}
